
Microsoft Visual Studio Solution File, Format Version 12.00
# Visual Studio Version 17
VisualStudioVersion = 17.6.33815.320
MinimumVisualStudioVersion = 10.0.40219.1
Project("{FAE04EC0-301F-11D3-BF4B-00C04F79EFBC}") = "Client", "ConnectFourGame\Client.csproj", "{5CC331B8-F4B9-47C5-9764-5AD3F59223F9}"
EndProject
Project("{9A19103F-16F7-4668-BE54-9A1E7A4F7556}") = "IdoShamir_EyalCohen_Connect4", "Server\IdoShamir_EyalCohen_Connect4.csproj", "{8AFCD614-06AC-4CD3-861A-5570FDFE27B1}"
	ProjectSection(ProjectDependencies) = postProject
		{BE842270-5B01-42FF-94F6-01758E6F42D5} = {BE842270-5B01-42FF-94F6-01758E6F42D5}
	EndProjectSection
EndProject
Project("{9A19103F-16F7-4668-BE54-9A1E7A4F7556}") = "Models", "..\..\IdoShamir-EyalCohen-Connect4\Models\Models.csproj", "{BE842270-5B01-42FF-94F6-01758E6F42D5}"
EndProject
Global
	GlobalSection(SolutionConfigurationPlatforms) = preSolution
		Debug|Any CPU = Debug|Any CPU
		Release|Any CPU = Release|Any CPU
	EndGlobalSection
	GlobalSection(ProjectConfigurationPlatforms) = postSolution
		{5CC331B8-F4B9-47C5-9764-5AD3F59223F9}.Debug|Any CPU.ActiveCfg = Debug|Any CPU
		{5CC331B8-F4B9-47C5-9764-5AD3F59223F9}.Debug|Any CPU.Build.0 = Debug|Any CPU
		{5CC331B8-F4B9-47C5-9764-5AD3F59223F9}.Release|Any CPU.ActiveCfg = Release|Any CPU
		{5CC331B8-F4B9-47C5-9764-5AD3F59223F9}.Release|Any CPU.Build.0 = Release|Any CPU
		{8AFCD614-06AC-4CD3-861A-5570FDFE27B1}.Debug|Any CPU.ActiveCfg = Debug|Any CPU
		{8AFCD614-06AC-4CD3-861A-5570FDFE27B1}.Debug|Any CPU.Build.0 = Debug|Any CPU
		{8AFCD614-06AC-4CD3-861A-5570FDFE27B1}.Release|Any CPU.ActiveCfg = Release|Any CPU
		{8AFCD614-06AC-4CD3-861A-5570FDFE27B1}.Release|Any CPU.Build.0 = Release|Any CPU
		{BE842270-5B01-42FF-94F6-01758E6F42D5}.Debug|Any CPU.ActiveCfg = Debug|Any CPU
		{BE842270-5B01-42FF-94F6-01758E6F42D5}.Debug|Any CPU.Build.0 = Debug|Any CPU
		{BE842270-5B01-42FF-94F6-01758E6F42D5}.Release|Any CPU.ActiveCfg = Release|Any CPU
		{BE842270-5B01-42FF-94F6-01758E6F42D5}.Release|Any CPU.Build.0 = Release|Any CPU
	EndGlobalSection
	GlobalSection(SolutionProperties) = preSolution
		HideSolutionNode = FALSE
	EndGlobalSection
	GlobalSection(ExtensibilityGlobals) = postSolution
		SolutionGuid = {9BDE1ECB-9A5B-41EC-A87A-8485078BD39F}
	EndGlobalSection
EndGlobal
